GIT
  remote: git://github.com/puppetlabs/puppetlabs-apache.git
  ref: 1.0.1
  sha: 5a45cf170c3b9abb44cf4a9adade2752e2159b7f
  specs:
    puppetlabs/apache (1.0.1)
      puppetlabs/concat (>= 1.0.0)
      puppetlabs/stdlib (>= 2.4.0)

GIT
  remote: git://github.com/puppetlabs/puppetlabs-apt.git
  ref: 1.4.0
  sha: 924e89289b93db60ef0f16a4e71579fa88e037a6
  specs:
    puppetlabs/apt (1.4.0)
      puppetlabs/stdlib (>= 2.2.1)

GIT
  remote: git://github.com/puppetlabs/puppetlabs-concat.git
  ref: 1.1.0
  sha: a50226b4ec5d6f2ba0df9e4f8a31df3e1160ff89
  specs:
    puppetlabs/concat (1.1.0)
      puppetlabs/stdlib (>= 4.0.0)

GIT
  remote: git://github.com/puppetlabs/puppetlabs-firewall.git
  ref: 0.4.2
  sha: 4399b56f2046c2f87aa02bc639c3c2729b3ef587
  specs:
    puppetlabs/firewall (0.4.2)

GIT
  remote: git://github.com/puppetlabs/puppetlabs-mysql.git
  ref: 2.1.0
  sha: e303e361b7a1e7c1a808e92a02a8eacaaac3a498
  specs:
    puppetlabs/mysql (2.1.0)
      puppetlabs/stdlib (>= 2.2.1)

GIT
  remote: git://github.com/puppetlabs/puppetlabs-ntp.git
  ref: 3.0.2
  sha: 3e4a537acad35c646b5b39c21053b1be31e6daa3
  specs:
    puppetlabs/ntp (3.0.2)
      puppetlabs/stdlib (>= 0.1.6)

GIT
  remote: git://github.com/puppetlabs/puppetlabs-stdlib.git
  ref: 4.1.0
  sha: 1ffd72daaaf21e71e762b6cd543043680bdb6694
  specs:
    puppetlabs/stdlib (4.1.0)

GIT
  remote: git://github.com/saz/puppet-locales.git
  ref: master
  sha: 91f12579ccaad622bffc712842afac18628cf5a6
  specs:
    saz/locales (2.1.0)

GIT
  remote: git://github.com/saz/puppet-timezone.git
  ref: master
  sha: ed8d583b87dc51ef3aac44e10efdc9899a18758c
  specs:
    saz/timezone (3.0.1)
      puppetlabs/stdlib (>= 2.3.0)

GIT
  remote: git://github.com/thias/puppet-php.git
  ref: master
  sha: f83e6f0e68fa7926fa1c5eb24353e020b8f87860
  specs:
    thias/php (0.3.12)

GIT
  remote: git://github.com/treehouseagency/puppet-pear.git
  ref: master
  sha: d504379ce98e6477b720c37c2c5bdfdf26977dd9
  specs:
    treehouseagency/pear (0.0.1)

PATH
  remote: ./custom/drupal
  specs:
    govcms/drupal (0.0.1)

DEPENDENCIES
  govcms/drupal (>= 0)
  puppetlabs/apache (>= 0)
  puppetlabs/apt (>= 0)
  puppetlabs/concat (>= 0)
  puppetlabs/firewall (>= 0)
  puppetlabs/mysql (>= 0)
  puppetlabs/ntp (>= 0)
  puppetlabs/stdlib (>= 0)
  saz/locales (>= 0)
  saz/timezone (>= 0)
  thias/php (>= 0)
  treehouseagency/pear (>= 0)

